{
  "originHash" : "d87824c18f42f64c15b59f30096b12bd054282f9e035de94f517e5274edf35ea",
  "pins" : [
    {
      "identity" : "glur",
      "kind" : "remoteSourceControl",
      "location" : "https://github.com/joogps/Glur.git",
      "state" : {
        "revision" : "9e00ff79da318f2c78b749b1027e54a9d4de2e33",
        "version" : "1.0.4"
      }
    },
    {
      "identity" : "lottie-ios",
      "kind" : "remoteSourceControl",
      "location" : "https://github.com/airbnb/lottie-ios",
      "state" : {
        "revision" : "769b88d83a42ca8d5572b020c96f47e3690b3796",
        "version" : "4.4.3"
      }
    },
    {
      "identity" : "swiftui-shimmer",
      "kind" : "remoteSourceControl",
      "location" : "https://github.com/markiv/SwiftUI-Shimmer",
      "state" : {
        "revision" : "5659a623567cefe258d1e3e67cb65585fbb6ecb6",
        "version" : "1.4.2"
      }
    },
    {
      "identity" : "swiftuix",
      "kind" : "remoteSourceControl",
      "location" : "https://github.com/SwiftUIX/SwiftUIX",
      "state" : {
        "revision" : "ff1176d8c06c2ac81db3dfd36c63ec8a9c2ccbca",
        "version" : "0.2.1"
      }
    },
    {
      "identity" : "zoomimageviewer",
      "kind" : "remoteSourceControl",
      "location" : "https://github.com/ryanlintott/ZoomImageViewer.git",
      "state" : {
        "revision" : "32a1f7e60f82712c10205ab9be7eec67ec20eff5",
        "version" : "0.4.1"
      }
    }
  ],
  "version" : 3
}
